
Microsoft Visual Studio Solution File, Format Version 12.00
# Visual Studio Version 16
VisualStudioVersion = 16.0.31205.134
MinimumVisualStudioVersion = 10.0.40219.1
Project("{FAE04EC0-301F-11D3-BF4B-00C04F79EFBC}") = "CalculatorHBK", "CalculatorHBK\CalculatorHBK.csproj", "{618CADE8-DFCB-4245-8E40-F9D3CBABEC39}"
EndProject
Project("{FAE04EC0-301F-11D3-BF4B-00C04F79EFBC}") = "Calcultor.Test", "Calcultor.Test\Calcultor.Test.csproj", "{CC98AF43-8756-4711-8979-7D53624805E9}"
EndProject
Project("{FAE04EC0-301F-11D3-BF4B-00C04F79EFBC}") = "Calculator.UI", "Calculator.UI\Calculator.UI.csproj", "{7CBC4B0A-E797-4976-9360-6F09FBDBBD48}"
	ProjectSection(ProjectDependencies) = postProject
		{618CADE8-DFCB-4245-8E40-F9D3CBABEC39} = {618CADE8-DFCB-4245-8E40-F9D3CBABEC39}
	EndProjectSection
EndProject
Project("{2150E333-8FDC-42A3-9474-1A3956D46DE8}") = "Solution Items", "Solution Items", "{930AFD6A-2200-4106-855B-549B170F4A48}"
	ProjectSection(SolutionItems) = preProject
		.editorconfig = .editorconfig
	EndProjectSection
EndProject
Global
	GlobalSection(SolutionConfigurationPlatforms) = preSolution
		Debug|Any CPU = Debug|Any CPU
		Release|Any CPU = Release|Any CPU
	EndGlobalSection
	GlobalSection(ProjectConfigurationPlatforms) = postSolution
		{618CADE8-DFCB-4245-8E40-F9D3CBABEC39}.Debug|Any CPU.ActiveCfg = Debug|Any CPU
		{618CADE8-DFCB-4245-8E40-F9D3CBABEC39}.Debug|Any CPU.Build.0 = Debug|Any CPU
		{618CADE8-DFCB-4245-8E40-F9D3CBABEC39}.Release|Any CPU.ActiveCfg = Release|Any CPU
		{618CADE8-DFCB-4245-8E40-F9D3CBABEC39}.Release|Any CPU.Build.0 = Release|Any CPU
		{CC98AF43-8756-4711-8979-7D53624805E9}.Debug|Any CPU.ActiveCfg = Debug|Any CPU
		{CC98AF43-8756-4711-8979-7D53624805E9}.Debug|Any CPU.Build.0 = Debug|Any CPU
		{CC98AF43-8756-4711-8979-7D53624805E9}.Release|Any CPU.ActiveCfg = Release|Any CPU
		{CC98AF43-8756-4711-8979-7D53624805E9}.Release|Any CPU.Build.0 = Release|Any CPU
		{7CBC4B0A-E797-4976-9360-6F09FBDBBD48}.Debug|Any CPU.ActiveCfg = Debug|Any CPU
		{7CBC4B0A-E797-4976-9360-6F09FBDBBD48}.Debug|Any CPU.Build.0 = Debug|Any CPU
		{7CBC4B0A-E797-4976-9360-6F09FBDBBD48}.Release|Any CPU.ActiveCfg = Release|Any CPU
		{7CBC4B0A-E797-4976-9360-6F09FBDBBD48}.Release|Any CPU.Build.0 = Release|Any CPU
	EndGlobalSection
	GlobalSection(SolutionProperties) = preSolution
		HideSolutionNode = FALSE
	EndGlobalSection
	GlobalSection(ExtensibilityGlobals) = postSolution
		SolutionGuid = {D3E78A86-96F3-48D6-AD06-56A6F9F67194}
	EndGlobalSection
EndGlobal
